
Microsoft Visual Studio Solution File, Format Version 12.00
# Visual Studio Version 17
VisualStudioVersion = 17.9.34728.123
MinimumVisualStudioVersion = 10.0.40219.1
Project("{FAE04EC0-301F-11D3-BF4B-00C04F79EFBC}") = "化合物半導體生產流程簽核平台", "化合物半導體生產流程簽核平台.csproj", "{F813A56B-C8F9-4D98-A225-69429CF9CBB9}"
EndProject
Global
	GlobalSection(SolutionConfigurationPlatforms) = preSolution
		Debug|Any CPU = Debug|Any CPU
		Release|Any CPU = Release|Any CPU
	EndGlobalSection
	GlobalSection(ProjectConfigurationPlatforms) = postSolution
		{F813A56B-C8F9-4D98-A225-69429CF9CBB9}.Debug|Any CPU.ActiveCfg = Debug|Any CPU
		{F813A56B-C8F9-4D98-A225-69429CF9CBB9}.Debug|Any CPU.Build.0 = Debug|Any CPU
		{F813A56B-C8F9-4D98-A225-69429CF9CBB9}.Release|Any CPU.ActiveCfg = Release|Any CPU
		{F813A56B-C8F9-4D98-A225-69429CF9CBB9}.Release|Any CPU.Build.0 = Release|Any CPU
	EndGlobalSection
	GlobalSection(SolutionProperties) = preSolution
		HideSolutionNode = FALSE
	EndGlobalSection
	GlobalSection(ExtensibilityGlobals) = postSolution
		SolutionGuid = {8216A286-5797-4FE5-A6D7-95F9061D97C4}
	EndGlobalSection
EndGlobal
